
Microsoft Visual Studio Solution File, Format Version 12.00
# Visual Studio 15
VisualStudioVersion = 15.0.26730.16
MinimumVisualStudioVersion = 10.0.40219.1
Project("{9A19103F-16F7-4668-BE54-9A1E7A4F7556}") = "EClinicApi", "EClinicApi.csproj", "{9CC6DEB9-F95E-4CDF-81EA-B2B3E984DECF}"
EndProject
Global
	GlobalSection(SolutionConfigurationPlatforms) = preSolution
		Debug|Any CPU = Debug|Any CPU
		Release|Any CPU = Release|Any CPU
	EndGlobalSection
	GlobalSection(ProjectConfigurationPlatforms) = postSolution
		{9CC6DEB9-F95E-4CDF-81EA-B2B3E984DECF}.Debug|Any CPU.ActiveCfg = Debug|Any CPU
		{9CC6DEB9-F95E-4CDF-81EA-B2B3E984DECF}.Debug|Any CPU.Build.0 = Debug|Any CPU
		{9CC6DEB9-F95E-4CDF-81EA-B2B3E984DECF}.Release|Any CPU.ActiveCfg = Release|Any CPU
		{9CC6DEB9-F95E-4CDF-81EA-B2B3E984DECF}.Release|Any CPU.Build.0 = Release|Any CPU
	EndGlobalSection
	GlobalSection(SolutionProperties) = preSolution
		HideSolutionNode = FALSE
	EndGlobalSection
	GlobalSection(ExtensibilityGlobals) = postSolution
		SolutionGuid = {F1FE9CA4-51B1-4633-B40F-5EFDDA3F2E51}
	EndGlobalSection
EndGlobal
